PODS:
  - JPSThumbnailAnnotation (1.0.0)
  - SwiftyJSON (2.2.0)

DEPENDENCIES:
  - JPSThumbnailAnnotation
  - SwiftyJSON (from `https://github.com/SwiftyJSON/SwiftyJSON`, branch `xcode7`)

EXTERNAL SOURCES:
  SwiftyJSON:
    :branch: xcode7
    :git: https://github.com/SwiftyJSON/SwiftyJSON

CHECKOUT OPTIONS:
  SwiftyJSON:
    :commit: fb9f6b43cd8d3684c3129793057eb2a2564e2430
    :git: https://github.com/SwiftyJSON/SwiftyJSON

SPEC CHECKSUMS:
  JPSThumbnailAnnotation: 4b35e87788d903db3fec294e7ef44136b9f741fb
  SwiftyJSON: 0b3e6c07af17ff745e77e8e9984097b55c956e5c

COCOAPODS: 0.38.2
