// !$*UTF8*$!
{
	archiveVersion = 1;
	classes = {
	};
	objectVersion = 46;
	objects = {

/* Begin PBXBuildFile section */
		4638F3D01B34F36B00C7281D /* AppDelegate.swift in Sources */ = {isa = PBXBuildFile; fileRef = 4638F3CF1B34F36B00C7281D /* AppDelegate.swift */; };
		4638F3D21B34F36B00C7281D /* ViewController.swift in Sources */ = {isa = PBXBuildFile; fileRef = 4638F3D11B34F36B00C7281D /* ViewController.swift */; };
		4638F3D51B34F36B00C7281D /* Main.storyboard in Resources */ = {isa = PBXBuildFile; fileRef = 4638F3D31B34F36B00C7281D /* Main.storyboard */; };
		4638F3D71B34F36B00C7281D /* Assets.xcassets in Resources */ = {isa = PBXBuildFile; fileRef = 4638F3D61B34F36B00C7281D /* Assets.xcassets */; };
		4638F3DA1B34F36B00C7281D /* LaunchScreen.storyboard in Resources */ = {isa = PBXBuildFile; fileRef = 4638F3D81B34F36B00C7281D /* LaunchScreen.storyboard */; };
		4638F3E51B34F36B00C7281D /* OnTourTests.swift in Sources */ = {isa = PBXBuildFile; fileRef = 4638F3E41B34F36B00C7281D /* OnTourTests.swift */; };
		4638F3F01B34F36B00C7281D /* OnTourUITests.swift in Sources */ = {isa = PBXBuildFile; fileRef = 4638F3EF1B34F36B00C7281D /* OnTourUITests.swift */; };
/* End PBXBuildFile section */

/* Begin PBXContainerItemProxy section */
		4638F3E11B34F36B00C7281D /* PBXContainerItemProxy */ = {
			isa = PBXContainerItemProxy;
			containerPortal = 4638F3C41B34F36B00C7281D /* Project object */;
			proxyType = 1;
			remoteGlobalIDString = 4638F3CB1B34F36B00C7281D;
			remoteInfo = OnTour;
		};
		4638F3EC1B34F36B00C7281D /* PBXContainerItemProxy */ = {
			isa = PBXContainerItemProxy;
			containerPortal = 4638F3C41B34F36B00C7281D /* Project object */;
			proxyType = 1;
			remoteGlobalIDString = 4638F3CB1B34F36B00C7281D;
			remoteInfo = OnTour;
		};
/* End PBXContainerItemProxy section */

/* Begin PBXFileReference section */
		4638F3CC1B34F36B00C7281D /* OnTour.app */ = {isa = PBXFileReference; explicitFileType = wrapper.application; includeInIndex = 0; path = OnTour.app; sourceTree = BUILT_PRODUCTS_DIR; };
		4638F3CF1B34F36B00C7281D /* AppDelegate.swift */ = {isa = PBXFileReference; lastKnownFileType = sourcecode.swift; path = AppDelegate.swift; sourceTree = "<group>"; };
		4638F3D11B34F36B00C7281D /* ViewController.swift */ = {isa = PBXFileReference; lastKnownFileType = sourcecode.swift; path = ViewController.swift; sourceTree = "<group>"; };
		4638F3D41B34F36B00C7281D /* Base */ = {isa = PBXFileReference; lastKnownFileType = file.storyboard; name = Base; path = Base.lproj/Main.storyboard; sourceTree = "<group>"; };
		4638F3D61B34F36B00C7281D /* Assets.xcassets */ = {isa = PBXFileReference; lastKnownFileType = folder.assetcatalog; path = Assets.xcassets; sourceTree = "<group>"; };
		4638F3D91B34F36B00C7281D /* Base */ = {isa = PBXFileReference; lastKnownFileType = file.storyboard; name = Base; path = Base.lproj/LaunchScreen.storyboard; sourceTree = "<group>"; };
		4638F3DB1B34F36B00C7281D /* Info.plist */ = {isa = PBXFileReference; lastKnownFileType = text.plist.xml; path = Info.plist; sourceTree = "<group>"; };
		4638F3E01B34F36B00C7281D /* OnTourTests.xctest */ = {isa = PBXFileReference; explicitFileType = wrapper.cfbundle; includeInIndex = 0; path = OnTourTests.xctest; sourceTree = BUILT_PRODUCTS_DIR; };
		4638F3E41B34F36B00C7281D /* OnTourTests.swift */ = {isa = PBXFileReference; lastKnownFileType = sourcecode.swift; path = OnTourTests.swift; sourceTree = "<group>"; };
		4638F3E61B34F36B00C7281D /* Info.plist */ = {isa = PBXFileReference; lastKnownFileType = text.plist.xml; path = Info.plist; sourceTree = "<group>"; };
		4638F3EB1B34F36B00C7281D /* OnTourUITests.xctest */ = {isa = PBXFileReference; explicitFileType = wrapper.cfbundle; includeInIndex = 0; path = OnTourUITests.xctest; sourceTree = BUILT_PRODUCTS_DIR; };
		4638F3EF1B34F36B00C7281D /* OnTourUITests.swift */ = {isa = PBXFileReference; lastKnownFileType = sourcecode.swift; path = OnTourUITests.swift; sourceTree = "<group>"; };
		4638F3F11B34F36B00C7281D /* Info.plist */ = {isa = PBXFileReference; lastKnownFileType = text.plist.xml; path = Info.plist; sourceTree = "<group>"; };
/* End PBXFileReference section */

/* Begin PBXFrameworksBuildPhase section */
		4638F3C91B34F36B00C7281D /* Frameworks */ = {
			isa = PBXFrameworksBuildPhase;
			buildActionMask = 2147483647;
			files = (
			);
			runOnlyForDeploymentPostprocessing = 0;
		};
		4638F3DD1B34F36B00C7281D /* Frameworks */ = {
			isa = PBXFrameworksBuildPhase;
			buildActionMask = 2147483647;
			files = (
			);
			runOnlyForDeploymentPostprocessing = 0;
		};
		4638F3E81B34F36B00C7281D /* Frameworks */ = {
			isa = PBXFrameworksBuildPhase;
			buildActionMask = 2147483647;
			files = (
			);
			runOnlyForDeploymentPostprocessing = 0;
		};
/* End PBXFrameworksBuildPhase section */

/* Begin PBXGroup section */
		4638F3C31B34F36B00C7281D = {
			isa = PBXGroup;
			children = (
				4638F3CE1B34F36B00C7281D /* OnTour */,
				4638F3E31B34F36B00C7281D /* OnTourTests */,
				4638F3EE1B34F36B00C7281D /* OnTourUITests */,
				4638F3CD1B34F36B00C7281D /* Products */,
			);
			sourceTree = "<group>";
		};
		4638F3CD1B34F36B00C7281D /* Products */ = {
			isa = PBXGroup;
			children = (
				4638F3CC1B34F36B00C7281D /* OnTour.app */,
				4638F3E01B34F36B00C7281D /* OnTourTests.xctest */,
				4638F3EB1B34F36B00C7281D /* OnTourUITests.xctest */,
			);
			name = Products;
			sourceTree = "<group>";
		};
		4638F3CE1B34F36B00C7281D /* OnTour */ = {
			isa = PBXGroup;
			children = (
				4638F3CF1B34F36B00C7281D /* AppDelegate.swift */,
				4638F3D11B34F36B00C7281D /* ViewController.swift */,
				4638F3D31B34F36B00C7281D /* Main.storyboard */,
				4638F3D61B34F36B00C7281D /* Assets.xcassets */,
				4638F3D81B34F36B00C7281D /* LaunchScreen.storyboard */,
				4638F3DB1B34F36B00C7281D /* Info.plist */,
			);
			path = OnTour;
			sourceTree = "<group>";
		};
		4638F3E31B34F36B00C7281D /* OnTourTests */ = {
			isa = PBXGroup;
			children = (
				4638F3E41B34F36B00C7281D /* OnTourTests.swift */,
				4638F3E61B34F36B00C7281D /* Info.plist */,
			);
			path = OnTourTests;
			sourceTree = "<group>";
		};
		4638F3EE1B34F36B00C7281D /* OnTourUITests */ = {
			isa = PBXGroup;
			children = (
				4638F3EF1B34F36B00C7281D /* OnTourUITests.swift */,
				4638F3F11B34F36B00C7281D /* Info.plist */,
			);
			path = OnTourUITests;
			sourceTree = "<group>";
		};
/* End PBXGroup section */

/* Begin PBXNativeTarget section */
		4638F3CB1B34F36B00C7281D /* OnTour */ = {
			isa = PBXNativeTarget;
			buildConfigurationList = 4638F3F41B34F36B00C7281D /* Build configuration list for PBXNativeTarget "OnTour" */;
			buildPhases = (
				4638F3C81B34F36B00C7281D /* Sources */,
				4638F3C91B34F36B00C7281D /* Frameworks */,
				4638F3CA1B34F36B00C7281D /* Resources */,
			);
			buildRules = (
			);
			dependencies = (
			);
			name = OnTour;
			productName = OnTour;
			productReference = 4638F3CC1B34F36B00C7281D /* OnTour.app */;
			productType = "com.apple.product-type.application";
		};
		4638F3DF1B34F36B00C7281D /* OnTourTests */ = {
			isa = PBXNativeTarget;
			buildConfigurationList = 4638F3F71B34F36B00C7281D /* Build configuration list for PBXNativeTarget "OnTourTests" */;
			buildPhases = (
				4638F3DC1B34F36B00C7281D /* Sources */,
				4638F3DD1B34F36B00C7281D /* Frameworks */,
				4638F3DE1B34F36B00C7281D /* Resources */,
			);
			buildRules = (
			);
			dependencies = (
				4638F3E21B34F36B00C7281D /* PBXTargetDependency */,
			);
			name = OnTourTests;
			productName = OnTourTests;
			productReference = 4638F3E01B34F36B00C7281D /* OnTourTests.xctest */;
			productType = "com.apple.product-type.bundle.unit-test";
		};
		4638F3EA1B34F36B00C7281D /* OnTourUITests */ = {
			isa = PBXNativeTarget;
			buildConfigurationList = 4638F3FA1B34F36B00C7281D /* Build configuration list for PBXNativeTarget "OnTourUITests" */;
			buildPhases = (
				4638F3E71B34F36B00C7281D /* Sources */,
				4638F3E81B34F36B00C7281D /* Frameworks */,
				4638F3E91B34F36B00C7281D /* Resources */,
			);
			buildRules = (
			);
			dependencies = (
				4638F3ED1B34F36B00C7281D /* PBXTargetDependency */,
			);
			name = OnTourUITests;
			productName = OnTourUITests;
			productReference = 4638F3EB1B34F36B00C7281D /* OnTourUITests.xctest */;
			productType = "com.apple.product-type.bundle.ui-testing";
		};
/* End PBXNativeTarget section */

/* Begin PBXProject section */
		4638F3C41B34F36B00C7281D /* Project object */ = {
			isa = PBXProject;
			attributes = {
				LastUpgradeCheck = 0700;
				ORGANIZATIONNAME = "Ikhsan Assaat";
				TargetAttributes = {
					4638F3CB1B34F36B00C7281D = {
						CreatedOnToolsVersion = 7.0;
					};
					4638F3DF1B34F36B00C7281D = {
						CreatedOnToolsVersion = 7.0;
						TestTargetID = 4638F3CB1B34F36B00C7281D;
					};
					4638F3EA1B34F36B00C7281D = {
						CreatedOnToolsVersion = 7.0;
						TestTargetID = 4638F3CB1B34F36B00C7281D;
					};
				};
			};
			buildConfigurationList = 4638F3C71B34F36B00C7281D /* Build configuration list for PBXProject "OnTour" */;
			compatibilityVersion = "Xcode 3.2";
			developmentRegion = English;
			hasScannedForEncodings = 0;
			knownRegions = (
				en,
				Base,
			);
			mainGroup = 4638F3C31B34F36B00C7281D;
			productRefGroup = 4638F3CD1B34F36B00C7281D /* Products */;
			projectDirPath = "";
			projectRoot = "";
			targets = (
				4638F3CB1B34F36B00C7281D /* OnTour */,
				4638F3DF1B34F36B00C7281D /* OnTourTests */,
				4638F3EA1B34F36B00C7281D /* OnTourUITests */,
			);
		};
/* End PBXProject section */

/* Begin PBXResourcesBuildPhase section */
		4638F3CA1B34F36B00C7281D /* Resources */ = {
			isa = PBXResourcesBuildPhase;
			buildActionMask = 2147483647;
			files = (
				4638F3DA1B34F36B00C7281D /* LaunchScreen.storyboard in Resources */,
				4638F3D71B34F36B00C7281D /* Assets.xcassets in Resources */,
				4638F3D51B34F36B00C7281D /* Main.storyboard in Resources */,
			);
			runOnlyForDeploymentPostprocessing = 0;
		};
		4638F3DE1B34F36B00C7281D /* Resources */ = {
			isa = PBXResourcesBuildPhase;
			buildActionMask = 2147483647;
			files = (
			);
			runOnlyForDeploymentPostprocessing = 0;
		};
		4638F3E91B34F36B00C7281D /* Resources */ = {
			isa = PBXResourcesBuildPhase;
			buildActionMask = 2147483647;
			files = (
			);
			runOnlyForDeploymentPostprocessing = 0;
		};
/* End PBXResourcesBuildPhase section */

/* Begin PBXSourcesBuildPhase section */
		4638F3C81B34F36B00C7281D /* Sources */ = {
			isa = PBXSourcesBuildPhase;
			buildActionMask = 2147483647;
			files = (
				4638F3D21B34F36B00C7281D /* ViewController.swift in Sources */,
				4638F3D01B34F36B00C7281D /* AppDelegate.swift in Sources */,
			);
			runOnlyForDeploymentPostprocessing = 0;
		};
		4638F3DC1B34F36B00C7281D /* Sources */ = {
			isa = PBXSourcesBuildPhase;
			buildActionMask = 2147483647;
			files = (
				4638F3E51B34F36B00C7281D /* OnTourTests.swift in Sources */,
			);
			runOnlyForDeploymentPostprocessing = 0;
		};
		4638F3E71B34F36B00C7281D /* Sources */ = {
			isa = PBXSourcesBuildPhase;
			buildActionMask = 2147483647;
			files = (
				4638F3F01B34F36B00C7281D /* OnTourUITests.swift in Sources */,
			);
			runOnlyForDeploymentPostprocessing = 0;
		};
/* End PBXSourcesBuildPhase section */

/* Begin PBXTargetDependency section */
		4638F3E21B34F36B00C7281D /* PBXTargetDependency */ = {
			isa = PBXTargetDependency;
			target = 4638F3CB1B34F36B00C7281D /* OnTour */;
			targetProxy = 4638F3E11B34F36B00C7281D /* PBXContainerItemProxy */;
		};
		4638F3ED1B34F36B00C7281D /* PBXTargetDependency */ = {
			isa = PBXTargetDependency;
			target = 4638F3CB1B34F36B00C7281D /* OnTour */;
			targetProxy = 4638F3EC1B34F36B00C7281D /* PBXContainerItemProxy */;
		};
/* End PBXTargetDependency section */

/* Begin PBXVariantGroup section */
		4638F3D31B34F36B00C7281D /* Main.storyboard */ = {
			isa = PBXVariantGroup;
			children = (
				4638F3D41B34F36B00C7281D /* Base */,
			);
			name = Main.storyboard;
			sourceTree = "<group>";
		};
		4638F3D81B34F36B00C7281D /* LaunchScreen.storyboard */ = {
			isa = PBXVariantGroup;
			children = (
				4638F3D91B34F36B00C7281D /* Base */,
			);
			name = LaunchScreen.storyboard;
			sourceTree = "<group>";
		};
/* End PBXVariantGroup section */

/* Begin XCBuildConfiguration section */
		4638F3F21B34F36B00C7281D /* Debug */ = {
			isa = XCBuildConfiguration;
			buildSettings = {
				ALWAYS_SEARCH_USER_PATHS = NO;
				CLANG_CXX_LANGUAGE_STANDARD = "gnu++0x";
				CLANG_CXX_LIBRARY = "libc++";
				CLANG_ENABLE_MODULES = YES;
				CLANG_ENABLE_OBJC_ARC = YES;
				CLANG_WARN_BOOL_CONVERSION = YES;
				CLANG_WARN_CONSTANT_CONVERSION = YES;
				CLANG_WARN_DIRECT_OBJC_ISA_USAGE = YES_ERROR;
				CLANG_WARN_EMPTY_BODY = YES;
				CLANG_WARN_ENUM_CONVERSION = YES;
				CLANG_WARN_INT_CONVERSION = YES;
				CLANG_WARN_OBJC_ROOT_CLASS = YES_ERROR;
				CLANG_WARN_UNREACHABLE_CODE = YES;
				CLANG_WARN__DUPLICATE_METHOD_MATCH = YES;
				"CODE_SIGN_IDENTITY[sdk=iphoneos*]" = "iPhone Developer";
				COPY_PHASE_STRIP = NO;
				DEBUG_INFORMATION_FORMAT = dwarf;
				ENABLE_STRICT_OBJC_MSGSEND = YES;
				ENABLE_TESTABILITY = YES;
				GCC_C_LANGUAGE_STANDARD = gnu99;
				GCC_DYNAMIC_NO_PIC = NO;
				GCC_NO_COMMON_BLOCKS = YES;
				GCC_OPTIMIZATION_LEVEL = 0;
				GCC_PREPROCESSOR_DEFINITIONS = (
					"DEBUG=1",
					"$(inherited)",
				);
				GCC_WARN_64_TO_32_BIT_CONVERSION = YES;
				GCC_WARN_ABOUT_RETURN_TYPE = YES_ERROR;
				GCC_WARN_UNDECLARED_SELECTOR = YES;
				GCC_WARN_UNINITIALIZED_AUTOS = YES_AGGRESSIVE;
				GCC_WARN_UNUSED_FUNCTION = YES;
				GCC_WARN_UNUSED_VARIABLE = YES;
				IPHONEOS_DEPLOYMENT_TARGET = 9.0;
				MTL_ENABLE_DEBUG_INFO = YES;
				ONLY_ACTIVE_ARCH = YES;
				SDKROOT = iphoneos;
				SWIFT_OPTIMIZATION_LEVEL = "-Onone";
			};
			name = Debug;
		};
		4638F3F31B34F36B00C7281D /* Release */ = {
			isa = XCBuildConfiguration;
			buildSettings = {
				ALWAYS_SEARCH_USER_PATHS = NO;
				CLANG_CXX_LANGUAGE_STANDARD = "gnu++0x";
				CLANG_CXX_LIBRARY = "libc++";
				CLANG_ENABLE_MODULES = YES;
				CLANG_ENABLE_OBJC_ARC = YES;
				CLANG_WARN_BOOL_CONVERSION = YES;
				CLANG_WARN_CONSTANT_CONVERSION = YES;
				CLANG_WARN_DIRECT_OBJC_ISA_USAGE = YES_ERROR;
				CLANG_WARN_EMPTY_BODY = YES;
				CLANG_WARN_ENUM_CONVERSION = YES;
				CLANG_WARN_INT_CONVERSION = YES;
				CLANG_WARN_OBJC_ROOT_CLASS = YES_ERROR;
				CLANG_WARN_UNREACHABLE_CODE = YES;
				CLANG_WARN__DUPLICATE_METHOD_MATCH = YES;
				"CODE_SIGN_IDENTITY[sdk=iphoneos*]" = "iPhone Developer";
				COPY_PHASE_STRIP = NO;
				DEBUG_INFORMATION_FORMAT = "dwarf-with-dsym";
				ENABLE_NS_ASSERTIONS = NO;
				ENABLE_STRICT_OBJC_MSGSEND = YES;
				GCC_C_LANGUAGE_STANDARD = gnu99;
				GCC_NO_COMMON_BLOCKS = YES;
				GCC_WARN_64_TO_32_BIT_CONVERSION = YES;
				GCC_WARN_ABOUT_RETURN_TYPE = YES_ERROR;
				GCC_WARN_UNDECLARED_SELECTOR = YES;
				GCC_WARN_UNINITIALIZED_AUTOS = YES_AGGRESSIVE;
				GCC_WARN_UNUSED_FUNCTION = YES;
				GCC_WARN_UNUSED_VARIABLE = YES;
				IPHONEOS_DEPLOYMENT_TARGET = 9.0;
				MTL_ENABLE_DEBUG_INFO = NO;
				SDKROOT = iphoneos;
				VALIDATE_PRODUCT = YES;
			};
			name = Release;
		};
		4638F3F51B34F36B00C7281D /* Debug */ = {
			isa = XCBuildConfiguration;
			buildSettings = {
				ASSETCATALOG_COMPILER_APPICON_NAME = AppIcon;
				INFOPLIST_FILE = OnTour/Info.plist;
				LD_RUNPATH_SEARCH_PATHS = "$(inherited) @executable_path/Frameworks";
				PRODUCT_BUNDLE_IDENTIFIER = me.ikhsan.OnTour;
				PRODUCT_NAME = "$(TARGET_NAME)";
			};
			name = Debug;
		};
		4638F3F61B34F36B00C7281D /* Release */ = {
			isa = XCBuildConfiguration;
			buildSettings = {
				ASSETCATALOG_COMPILER_APPICON_NAME = AppIcon;
				INFOPLIST_FILE = OnTour/Info.plist;
				LD_RUNPATH_SEARCH_PATHS = "$(inherited) @executable_path/Frameworks";
				PRODUCT_BUNDLE_IDENTIFIER = me.ikhsan.OnTour;
				PRODUCT_NAME = "$(TARGET_NAME)";
			};
			name = Release;
		};
		4638F3F81B34F36B00C7281D /* Debug */ = {
			isa = XCBuildConfiguration;
			buildSettings = {
				BUNDLE_LOADER = "$(TEST_HOST)";
				INFOPLIST_FILE = OnTourTests/Info.plist;
				LD_RUNPATH_SEARCH_PATHS = "$(inherited) @executable_path/Frameworks @loader_path/Frameworks";
				PRODUCT_BUNDLE_IDENTIFIER = me.ikhsan.OnTourTests;
				PRODUCT_NAME = "$(TARGET_NAME)";
				TEST_HOST = "$(BUILT_PRODUCTS_DIR)/OnTour.app/OnTour";
			};
			name = Debug;
		};
		4638F3F91B34F36B00C7281D /* Release */ = {
			isa = XCBuildConfiguration;
			buildSettings = {
				BUNDLE_LOADER = "$(TEST_HOST)";
				INFOPLIST_FILE = OnTourTests/Info.plist;
				LD_RUNPATH_SEARCH_PATHS = "$(inherited) @executable_path/Frameworks @loader_path/Frameworks";
				PRODUCT_BUNDLE_IDENTIFIER = me.ikhsan.OnTourTests;
				PRODUCT_NAME = "$(TARGET_NAME)";
				TEST_HOST = "$(BUILT_PRODUCTS_DIR)/OnTour.app/OnTour";
			};
			name = Release;
		};
		4638F3FB1B34F36B00C7281D /* Debug */ = {
			isa = XCBuildConfiguration;
			buildSettings = {
				INFOPLIST_FILE = OnTourUITests/Info.plist;
				LD_RUNPATH_SEARCH_PATHS = "$(inherited) @executable_path/Frameworks @loader_path/Frameworks";
				PRODUCT_BUNDLE_IDENTIFIER = me.ikhsan.OnTourUITests;
				PRODUCT_NAME = "$(TARGET_NAME)";
				TEST_TARGET_NAME = OnTour;
				USES_XCTRUNNER = YES;
			};
			name = Debug;
		};
		4638F3FC1B34F36B00C7281D /* Release */ = {
			isa = XCBuildConfiguration;
			buildSettings = {
				INFOPLIST_FILE = OnTourUITests/Info.plist;
				LD_RUNPATH_SEARCH_PATHS = "$(inherited) @executable_path/Frameworks @loader_path/Frameworks";
				PRODUCT_BUNDLE_IDENTIFIER = me.ikhsan.OnTourUITests;
				PRODUCT_NAME = "$(TARGET_NAME)";
				TEST_TARGET_NAME = OnTour;
				USES_XCTRUNNER = YES;
			};
			name = Release;
		};
/* End XCBuildConfiguration section */

/* Begin XCConfigurationList section */
		4638F3C71B34F36B00C7281D /* Build configuration list for PBXProject "OnTour" */ = {
			isa = XCConfigurationList;
			buildConfigurations = (
				4638F3F21B34F36B00C7281D /* Debug */,
				4638F3F31B34F36B00C7281D /* Release */,
			);
			defaultConfigurationIsVisible = 0;
			defaultConfigurationName = Release;
		};
		4638F3F41B34F36B00C7281D /* Build configuration list for PBXNativeTarget "OnTour" */ = {
			isa = XCConfigurationList;
			buildConfigurations = (
				4638F3F51B34F36B00C7281D /* Debug */,
				4638F3F61B34F36B00C7281D /* Release */,
			);
			defaultConfigurationIsVisible = 0;
		};
		4638F3F71B34F36B00C7281D /* Build configuration list for PBXNativeTarget "OnTourTests" */ = {
			isa = XCConfigurationList;
			buildConfigurations = (
				4638F3F81B34F36B00C7281D /* Debug */,
				4638F3F91B34F36B00C7281D /* Release */,
			);
			defaultConfigurationIsVisible = 0;
		};
		4638F3FA1B34F36B00C7281D /* Build configuration list for PBXNativeTarget "OnTourUITests" */ = {
			isa = XCConfigurationList;
			buildConfigurations = (
				4638F3FB1B34F36B00C7281D /* Debug */,
				4638F3FC1B34F36B00C7281D /* Release */,
			);
			defaultConfigurationIsVisible = 0;
		};
/* End XCConfigurationList section */
	};
	rootObject = 4638F3C41B34F36B00C7281D /* Project object */;
}
